
Microsoft Visual Studio Solution File, Format Version 12.00
# Visual Studio Version 16
VisualStudioVersion = 16.0.32413.511
MinimumVisualStudioVersion = 10.0.40219.1
Project("{FAE04EC0-301F-11D3-BF4B-00C04F79EFBC}") = "UnicArray", "UnicArray.csproj", "{3D628202-8C35-468A-9ABD-94A74A603906}"
EndProject
Global
	GlobalSection(SolutionConfigurationPlatforms) = preSolution
		Debug|Any CPU = Debug|Any CPU
		Release|Any CPU = Release|Any CPU
	EndGlobalSection
	GlobalSection(ProjectConfigurationPlatforms) = postSolution
		{3D628202-8C35-468A-9ABD-94A74A603906}.Debug|Any CPU.ActiveCfg = Debug|Any CPU
		{3D628202-8C35-468A-9ABD-94A74A603906}.Debug|Any CPU.Build.0 = Debug|Any CPU
		{3D628202-8C35-468A-9ABD-94A74A603906}.Release|Any CPU.ActiveCfg = Release|Any CPU
		{3D628202-8C35-468A-9ABD-94A74A603906}.Release|Any CPU.Build.0 = Release|Any CPU
	EndGlobalSection
	GlobalSection(SolutionProperties) = preSolution
		HideSolutionNode = FALSE
	EndGlobalSection
	GlobalSection(ExtensibilityGlobals) = postSolution
		SolutionGuid = {9E5C9561-4967-4A72-B27D-107F6DC97430}
	EndGlobalSection
EndGlobal
